
Microsoft Visual Studio Solution File, Format Version 12.00
# Visual Studio Version 16
VisualStudioVersion = 16.0.30413.136
MinimumVisualStudioVersion = 10.0.40219.1
Project("{FAE04EC0-301F-11D3-BF4B-00C04F79EFBC}") = "Pizzeria", "Pizzeria\Pizzeria.csproj", "{68EBDBC6-4AC3-40ED-997A-5E6982D55982}"
EndProject
Global
	GlobalSection(SolutionConfigurationPlatforms) = preSolution
		Debug|Any CPU = Debug|Any CPU
		Release|Any CPU = Release|Any CPU
	EndGlobalSection
	GlobalSection(ProjectConfigurationPlatforms) = postSolution
		{68EBDBC6-4AC3-40ED-997A-5E6982D55982}.Debug|Any CPU.ActiveCfg = Debug|Any CPU
		{68EBDBC6-4AC3-40ED-997A-5E6982D55982}.Debug|Any CPU.Build.0 = Debug|Any CPU
		{68EBDBC6-4AC3-40ED-997A-5E6982D55982}.Release|Any CPU.ActiveCfg = Release|Any CPU
		{68EBDBC6-4AC3-40ED-997A-5E6982D55982}.Release|Any CPU.Build.0 = Release|Any CPU
	EndGlobalSection
	GlobalSection(SolutionProperties) = preSolution
		HideSolutionNode = FALSE
	EndGlobalSection
	GlobalSection(ExtensibilityGlobals) = postSolution
		SolutionGuid = {F2D6B631-3CF9-4D80-BD51-D2875F9AC900}
	EndGlobalSection
EndGlobal
